
Microsoft Visual Studio Solution File, Format Version 12.00
# Visual Studio Version 17
VisualStudioVersion = 17.5.002.0
MinimumVisualStudioVersion = 10.0.40219.1
Project("{2150E333-8FDC-42A3-9474-1A3956D46DE8}") = "src", "src", "{23F7AD46-249D-4AF0-9E31-9D0EC3708200}"
EndProject
Project("{9A19103F-16F7-4668-BE54-9A1E7A4F7556}") = "Play.Identity.Service", "src\Play.Identity.Service\Play.Identity.Service.csproj", "{0D3FFA23-056E-4BB3-BDFB-D01F917A6399}"
EndProject
Project("{9A19103F-16F7-4668-BE54-9A1E7A4F7556}") = "Play.Identity.Contracts", "src\Play.Identity.Contracts\Play.Identity.Contracts.csproj", "{7CF6CA27-3DEE-464F-8886-494EE01C2B0F}"
EndProject
Global
	GlobalSection(SolutionConfigurationPlatforms) = preSolution
		Debug|Any CPU = Debug|Any CPU
		Release|Any CPU = Release|Any CPU
	EndGlobalSection
	GlobalSection(ProjectConfigurationPlatforms) = postSolution
		{0D3FFA23-056E-4BB3-BDFB-D01F917A6399}.Debug|Any CPU.ActiveCfg = Debug|Any CPU
		{0D3FFA23-056E-4BB3-BDFB-D01F917A6399}.Debug|Any CPU.Build.0 = Debug|Any CPU
		{0D3FFA23-056E-4BB3-BDFB-D01F917A6399}.Release|Any CPU.ActiveCfg = Release|Any CPU
		{0D3FFA23-056E-4BB3-BDFB-D01F917A6399}.Release|Any CPU.Build.0 = Release|Any CPU
		{7CF6CA27-3DEE-464F-8886-494EE01C2B0F}.Debug|Any CPU.ActiveCfg = Debug|Any CPU
		{7CF6CA27-3DEE-464F-8886-494EE01C2B0F}.Debug|Any CPU.Build.0 = Debug|Any CPU
		{7CF6CA27-3DEE-464F-8886-494EE01C2B0F}.Release|Any CPU.ActiveCfg = Release|Any CPU
		{7CF6CA27-3DEE-464F-8886-494EE01C2B0F}.Release|Any CPU.Build.0 = Release|Any CPU
	EndGlobalSection
	GlobalSection(SolutionProperties) = preSolution
		HideSolutionNode = FALSE
	EndGlobalSection
	GlobalSection(NestedProjects) = preSolution
		{0D3FFA23-056E-4BB3-BDFB-D01F917A6399} = {23F7AD46-249D-4AF0-9E31-9D0EC3708200}
		{7CF6CA27-3DEE-464F-8886-494EE01C2B0F} = {23F7AD46-249D-4AF0-9E31-9D0EC3708200}
	EndGlobalSection
	GlobalSection(ExtensibilityGlobals) = postSolution
		SolutionGuid = {5FE1A043-50E4-48EE-BB0F-6B892F7D6E88}
	EndGlobalSection
EndGlobal
